
Microsoft Visual Studio Solution File, Format Version 12.00
# Visual Studio Version 17
VisualStudioVersion = 17.12.35309.182
MinimumVisualStudioVersion = 10.0.40219.1
Project("{FAE04EC0-301F-11D3-BF4B-00C04F79EFBC}") = "CalculadoraBasica", "CalculadoraBasica\CalculadoraBasica.csproj", "{53D12EDF-8EB9-4861-9230-A05CBB58562D}"
EndProject
Global
	GlobalSection(SolutionConfigurationPlatforms) = preSolution
		Debug|Any CPU = Debug|Any CPU
		Release|Any CPU = Release|Any CPU
	EndGlobalSection
	GlobalSection(ProjectConfigurationPlatforms) = postSolution
		{53D12EDF-8EB9-4861-9230-A05CBB58562D}.Debug|Any CPU.ActiveCfg = Debug|Any CPU
		{53D12EDF-8EB9-4861-9230-A05CBB58562D}.Debug|Any CPU.Build.0 = Debug|Any CPU
		{53D12EDF-8EB9-4861-9230-A05CBB58562D}.Release|Any CPU.ActiveCfg = Release|Any CPU
		{53D12EDF-8EB9-4861-9230-A05CBB58562D}.Release|Any CPU.Build.0 = Release|Any CPU
	EndGlobalSection
	GlobalSection(SolutionProperties) = preSolution
		HideSolutionNode = FALSE
	EndGlobalSection
	GlobalSection(ExtensibilityGlobals) = postSolution
		SolutionGuid = {EC6DF6B6-C539-412A-8C42-CC9796F277B9}
	EndGlobalSection
EndGlobal
